// !$*UTF8*$!
{
	archiveVersion = 1;
	classes = {
	};
	objectVersion = 50;
	objects = {

/* Begin PBXBuildFile section */
		7745E5BF2657A1A0001100BA /* AppDelegate.swift in Sources */ = {isa = PBXBuildFile; fileRef = 7745E5BE2657A1A0001100BA /* AppDelegate.swift */; };
		7745E5C12657A1A0001100BA /* SceneDelegate.swift in Sources */ = {isa = PBXBuildFile; fileRef = 7745E5C02657A1A0001100BA /* SceneDelegate.swift */; };
		7745E5C32657A1A0001100BA /* ViewController.swift in Sources */ = {isa = PBXBuildFile; fileRef = 7745E5C22657A1A0001100BA /* ViewController.swift */; };
		7745E5C62657A1A0001100BA /* Main.storyboard in Resources */ = {isa = PBXBuildFile; fileRef = 7745E5C42657A1A0001100BA /* Main.storyboard */; };
		7745E5C82657A1A3001100BA /* Assets.xcassets in Resources */ = {isa = PBXBuildFile; fileRef = 7745E5C72657A1A3001100BA /* Assets.xcassets */; };
		7745E5CB2657A1A3001100BA /* LaunchScreen.storyboard in Resources */ = {isa = PBXBuildFile; fileRef = 7745E5C92657A1A3001100BA /* LaunchScreen.storyboard */; };
		7745E5D62657A1A3001100BA /* VSAppCenterTests.swift in Sources */ = {isa = PBXBuildFile; fileRef = 7745E5D52657A1A3001100BA /* VSAppCenterTests.swift */; };
		7745E5E12657A1A3001100BA /* VSAppCenterUITests.swift in Sources */ = {isa = PBXBuildFile; fileRef = 7745E5E02657A1A3001100BA /* VSAppCenterUITests.swift */; };
/* End PBXBuildFile section */

/* Begin PBXContainerItemProxy section */
		7745E5D22657A1A3001100BA /* PBXContainerItemProxy */ = {
			isa = PBXContainerItemProxy;
			containerPortal = 7745E5B32657A1A0001100BA /* Project object */;
			proxyType = 1;
			remoteGlobalIDString = 7745E5BA2657A1A0001100BA;
			remoteInfo = VSAppCenter;
		};
		7745E5DD2657A1A3001100BA /* PBXContainerItemProxy */ = {
			isa = PBXContainerItemProxy;
			containerPortal = 7745E5B32657A1A0001100BA /* Project object */;
			proxyType = 1;
			remoteGlobalIDString = 7745E5BA2657A1A0001100BA;
			remoteInfo = VSAppCenter;
		};
/* End PBXContainerItemProxy section */

/* Begin PBXFileReference section */
		7745E5BB2657A1A0001100BA /* VSAppCenter.app */ = {isa = PBXFileReference; explicitFileType = wrapper.application; includeInIndex = 0; path = VSAppCenter.app; sourceTree = BUILT_PRODUCTS_DIR; };
		7745E5BE2657A1A0001100BA /* AppDelegate.swift */ = {isa = PBXFileReference; lastKnownFileType = sourcecode.swift; path = AppDelegate.swift; sourceTree = "<group>"; };
		7745E5C02657A1A0001100BA /* SceneDelegate.swift */ = {isa = PBXFileReference; lastKnownFileType = sourcecode.swift; path = SceneDelegate.swift; sourceTree = "<group>"; };
		7745E5C22657A1A0001100BA /* ViewController.swift */ = {isa = PBXFileReference; lastKnownFileType = sourcecode.swift; path = ViewController.swift; sourceTree = "<group>"; };
		7745E5C52657A1A0001100BA /* Base */ = {isa = PBXFileReference; lastKnownFileType = file.storyboard; name = Base; path = Base.lproj/Main.storyboard; sourceTree = "<group>"; };
		7745E5C72657A1A3001100BA /* Assets.xcassets */ = {isa = PBXFileReference; lastKnownFileType = folder.assetcatalog; path = Assets.xcassets; sourceTree = "<group>"; };
		7745E5CA2657A1A3001100BA /* Base */ = {isa = PBXFileReference; lastKnownFileType = file.storyboard; name = Base; path = Base.lproj/LaunchScreen.storyboard; sourceTree = "<group>"; };
		7745E5CC2657A1A3001100BA /* Info.plist */ = {isa = PBXFileReference; lastKnownFileType = text.plist.xml; path = Info.plist; sourceTree = "<group>"; };
		7745E5D12657A1A3001100BA /* VSAppCenterTests.xctest */ = {isa = PBXFileReference; explicitFileType = wrapper.cfbundle; includeInIndex = 0; path = VSAppCenterTests.xctest; sourceTree = BUILT_PRODUCTS_DIR; };
		7745E5D52657A1A3001100BA /* VSAppCenterTests.swift */ = {isa = PBXFileReference; lastKnownFileType = sourcecode.swift; path = VSAppCenterTests.swift; sourceTree = "<group>"; };
		7745E5D72657A1A3001100BA /* Info.plist */ = {isa = PBXFileReference; lastKnownFileType = text.plist.xml; path = Info.plist; sourceTree = "<group>"; };
		7745E5DC2657A1A3001100BA /* VSAppCenterUITests.xctest */ = {isa = PBXFileReference; explicitFileType = wrapper.cfbundle; includeInIndex = 0; path = VSAppCenterUITests.xctest; sourceTree = BUILT_PRODUCTS_DIR; };
		7745E5E02657A1A3001100BA /* VSAppCenterUITests.swift */ = {isa = PBXFileReference; lastKnownFileType = sourcecode.swift; path = VSAppCenterUITests.swift; sourceTree = "<group>"; };
		7745E5E22657A1A3001100BA /* Info.plist */ = {isa = PBXFileReference; lastKnownFileType = text.plist.xml; path = Info.plist; sourceTree = "<group>"; };
/* End PBXFileReference section */

/* Begin PBXFrameworksBuildPhase section */
		7745E5B82657A1A0001100BA /* Frameworks */ = {
			isa = PBXFrameworksBuildPhase;
			buildActionMask = 2147483647;
			files = (
			);
			runOnlyForDeploymentPostprocessing = 0;
		};
		7745E5CE2657A1A3001100BA /* Frameworks */ = {
			isa = PBXFrameworksBuildPhase;
			buildActionMask = 2147483647;
			files = (
			);
			runOnlyForDeploymentPostprocessing = 0;
		};
		7745E5D92657A1A3001100BA /* Frameworks */ = {
			isa = PBXFrameworksBuildPhase;
			buildActionMask = 2147483647;
			files = (
			);
			runOnlyForDeploymentPostprocessing = 0;
		};
/* End PBXFrameworksBuildPhase section */

/* Begin PBXGroup section */
		7745E5B22657A1A0001100BA = {
			isa = PBXGroup;
			children = (
				7745E5BD2657A1A0001100BA /* VSAppCenter */,
				7745E5D42657A1A3001100BA /* VSAppCenterTests */,
				7745E5DF2657A1A3001100BA /* VSAppCenterUITests */,
				7745E5BC2657A1A0001100BA /* Products */,
			);
			sourceTree = "<group>";
		};
		7745E5BC2657A1A0001100BA /* Products */ = {
			isa = PBXGroup;
			children = (
				7745E5BB2657A1A0001100BA /* VSAppCenter.app */,
				7745E5D12657A1A3001100BA /* VSAppCenterTests.xctest */,
				7745E5DC2657A1A3001100BA /* VSAppCenterUITests.xctest */,
			);
			name = Products;
			sourceTree = "<group>";
		};
		7745E5BD2657A1A0001100BA /* VSAppCenter */ = {
			isa = PBXGroup;
			children = (
				7745E5BE2657A1A0001100BA /* AppDelegate.swift */,
				7745E5C02657A1A0001100BA /* SceneDelegate.swift */,
				7745E5C22657A1A0001100BA /* ViewController.swift */,
				7745E5C42657A1A0001100BA /* Main.storyboard */,
				7745E5C72657A1A3001100BA /* Assets.xcassets */,
				7745E5C92657A1A3001100BA /* LaunchScreen.storyboard */,
				7745E5CC2657A1A3001100BA /* Info.plist */,
			);
			path = VSAppCenter;
			sourceTree = "<group>";
		};
		7745E5D42657A1A3001100BA /* VSAppCenterTests */ = {
			isa = PBXGroup;
			children = (
				7745E5D52657A1A3001100BA /* VSAppCenterTests.swift */,
				7745E5D72657A1A3001100BA /* Info.plist */,
			);
			path = VSAppCenterTests;
			sourceTree = "<group>";
		};
		7745E5DF2657A1A3001100BA /* VSAppCenterUITests */ = {
			isa = PBXGroup;
			children = (
				7745E5E02657A1A3001100BA /* VSAppCenterUITests.swift */,
				7745E5E22657A1A3001100BA /* Info.plist */,
			);
			path = VSAppCenterUITests;
			sourceTree = "<group>";
		};
/* End PBXGroup section */

/* Begin PBXNativeTarget section */
		7745E5BA2657A1A0001100BA /* VSAppCenter */ = {
			isa = PBXNativeTarget;
			buildConfigurationList = 7745E5E52657A1A3001100BA /* Build configuration list for PBXNativeTarget "VSAppCenter" */;
			buildPhases = (
				7745E5B72657A1A0001100BA /* Sources */,
				7745E5B82657A1A0001100BA /* Frameworks */,
				7745E5B92657A1A0001100BA /* Resources */,
			);
			buildRules = (
			);
			dependencies = (
			);
			name = VSAppCenter;
			productName = VSAppCenter;
			productReference = 7745E5BB2657A1A0001100BA /* VSAppCenter.app */;
			productType = "com.apple.product-type.application";
		};
		7745E5D02657A1A3001100BA /* VSAppCenterTests */ = {
			isa = PBXNativeTarget;
			buildConfigurationList = 7745E5E82657A1A3001100BA /* Build configuration list for PBXNativeTarget "VSAppCenterTests" */;
			buildPhases = (
				7745E5CD2657A1A3001100BA /* Sources */,
				7745E5CE2657A1A3001100BA /* Frameworks */,
				7745E5CF2657A1A3001100BA /* Resources */,
			);
			buildRules = (
			);
			dependencies = (
				7745E5D32657A1A3001100BA /* PBXTargetDependency */,
			);
			name = VSAppCenterTests;
			productName = VSAppCenterTests;
			productReference = 7745E5D12657A1A3001100BA /* VSAppCenterTests.xctest */;
			productType = "com.apple.product-type.bundle.unit-test";
		};
		7745E5DB2657A1A3001100BA /* VSAppCenterUITests */ = {
			isa = PBXNativeTarget;
			buildConfigurationList = 7745E5EB2657A1A3001100BA /* Build configuration list for PBXNativeTarget "VSAppCenterUITests" */;
			buildPhases = (
				7745E5D82657A1A3001100BA /* Sources */,
				7745E5D92657A1A3001100BA /* Frameworks */,
				7745E5DA2657A1A3001100BA /* Resources */,
			);
			buildRules = (
			);
			dependencies = (
				7745E5DE2657A1A3001100BA /* PBXTargetDependency */,
			);
			name = VSAppCenterUITests;
			productName = VSAppCenterUITests;
			productReference = 7745E5DC2657A1A3001100BA /* VSAppCenterUITests.xctest */;
			productType = "com.apple.product-type.bundle.ui-testing";
		};
/* End PBXNativeTarget section */

/* Begin PBXProject section */
		7745E5B32657A1A0001100BA /* Project object */ = {
			isa = PBXProject;
			attributes = {
				LastSwiftUpdateCheck = 1230;
				LastUpgradeCheck = 1230;
				TargetAttributes = {
					7745E5BA2657A1A0001100BA = {
						CreatedOnToolsVersion = 12.3;
					};
					7745E5D02657A1A3001100BA = {
						CreatedOnToolsVersion = 12.3;
						TestTargetID = 7745E5BA2657A1A0001100BA;
					};
					7745E5DB2657A1A3001100BA = {
						CreatedOnToolsVersion = 12.3;
						TestTargetID = 7745E5BA2657A1A0001100BA;
					};
				};
			};
			buildConfigurationList = 7745E5B62657A1A0001100BA /* Build configuration list for PBXProject "VSAppCenter" */;
			compatibilityVersion = "Xcode 9.3";
			developmentRegion = en;
			hasScannedForEncodings = 0;
			knownRegions = (
				en,
				Base,
			);
			mainGroup = 7745E5B22657A1A0001100BA;
			productRefGroup = 7745E5BC2657A1A0001100BA /* Products */;
			projectDirPath = "";
			projectRoot = "";
			targets = (
				7745E5BA2657A1A0001100BA /* VSAppCenter */,
				7745E5D02657A1A3001100BA /* VSAppCenterTests */,
				7745E5DB2657A1A3001100BA /* VSAppCenterUITests */,
			);
		};
/* End PBXProject section */

/* Begin PBXResourcesBuildPhase section */
		7745E5B92657A1A0001100BA /* Resources */ = {
			isa = PBXResourcesBuildPhase;
			buildActionMask = 2147483647;
			files = (
				7745E5CB2657A1A3001100BA /* LaunchScreen.storyboard in Resources */,
				7745E5C82657A1A3001100BA /* Assets.xcassets in Resources */,
				7745E5C62657A1A0001100BA /* Main.storyboard in Resources */,
			);
			runOnlyForDeploymentPostprocessing = 0;
		};
		7745E5CF2657A1A3001100BA /* Resources */ = {
			isa = PBXResourcesBuildPhase;
			buildActionMask = 2147483647;
			files = (
			);
			runOnlyForDeploymentPostprocessing = 0;
		};
		7745E5DA2657A1A3001100BA /* Resources */ = {
			isa = PBXResourcesBuildPhase;
			buildActionMask = 2147483647;
			files = (
			);
			runOnlyForDeploymentPostprocessing = 0;
		};
/* End PBXResourcesBuildPhase section */

/* Begin PBXSourcesBuildPhase section */
		7745E5B72657A1A0001100BA /* Sources */ = {
			isa = PBXSourcesBuildPhase;
			buildActionMask = 2147483647;
			files = (
				7745E5C32657A1A0001100BA /* ViewController.swift in Sources */,
				7745E5BF2657A1A0001100BA /* AppDelegate.swift in Sources */,
				7745E5C12657A1A0001100BA /* SceneDelegate.swift in Sources */,
			);
			runOnlyForDeploymentPostprocessing = 0;
		};
		7745E5CD2657A1A3001100BA /* Sources */ = {
			isa = PBXSourcesBuildPhase;
			buildActionMask = 2147483647;
			files = (
				7745E5D62657A1A3001100BA /* VSAppCenterTests.swift in Sources */,
			);
			runOnlyForDeploymentPostprocessing = 0;
		};
		7745E5D82657A1A3001100BA /* Sources */ = {
			isa = PBXSourcesBuildPhase;
			buildActionMask = 2147483647;
			files = (
				7745E5E12657A1A3001100BA /* VSAppCenterUITests.swift in Sources */,
			);
			runOnlyForDeploymentPostprocessing = 0;
		};
/* End PBXSourcesBuildPhase section */

/* Begin PBXTargetDependency section */
		7745E5D32657A1A3001100BA /* PBXTargetDependency */ = {
			isa = PBXTargetDependency;
			target = 7745E5BA2657A1A0001100BA /* VSAppCenter */;
			targetProxy = 7745E5D22657A1A3001100BA /* PBXContainerItemProxy */;
		};
		7745E5DE2657A1A3001100BA /* PBXTargetDependency */ = {
			isa = PBXTargetDependency;
			target = 7745E5BA2657A1A0001100BA /* VSAppCenter */;
			targetProxy = 7745E5DD2657A1A3001100BA /* PBXContainerItemProxy */;
		};
/* End PBXTargetDependency section */

/* Begin PBXVariantGroup section */
		7745E5C42657A1A0001100BA /* Main.storyboard */ = {
			isa = PBXVariantGroup;
			children = (
				7745E5C52657A1A0001100BA /* Base */,
			);
			name = Main.storyboard;
			sourceTree = "<group>";
		};
		7745E5C92657A1A3001100BA /* LaunchScreen.storyboard */ = {
			isa = PBXVariantGroup;
			children = (
				7745E5CA2657A1A3001100BA /* Base */,
			);
			name = LaunchScreen.storyboard;
			sourceTree = "<group>";
		};
/* End PBXVariantGroup section */

/* Begin XCBuildConfiguration section */
		7745E5E32657A1A3001100BA /* Debug */ = {
			isa = XCBuildConfiguration;
			buildSettings = {
				ALWAYS_SEARCH_USER_PATHS = NO;
				CLANG_ANALYZER_NONNULL = YES;
				CLANG_ANALYZER_NUMBER_OBJECT_CONVERSION = YES_AGGRESSIVE;
				CLANG_CXX_LANGUAGE_STANDARD = "gnu++14";
				CLANG_CXX_LIBRARY = "libc++";
				CLANG_ENABLE_MODULES = YES;
				CLANG_ENABLE_OBJC_ARC = YES;
				CLANG_ENABLE_OBJC_WEAK = YES;
				CLANG_WARN_BLOCK_CAPTURE_AUTORELEASING = YES;
				CLANG_WARN_BOOL_CONVERSION = YES;
				CLANG_WARN_COMMA = YES;
				CLANG_WARN_CONSTANT_CONVERSION = YES;
				CLANG_WARN_DEPRECATED_OBJC_IMPLEMENTATIONS = YES;
				CLANG_WARN_DIRECT_OBJC_ISA_USAGE = YES_ERROR;
				CLANG_WARN_DOCUMENTATION_COMMENTS = YES;
				CLANG_WARN_EMPTY_BODY = YES;
				CLANG_WARN_ENUM_CONVERSION = YES;
				CLANG_WARN_INFINITE_RECURSION = YES;
				CLANG_WARN_INT_CONVERSION = YES;
				CLANG_WARN_NON_LITERAL_NULL_CONVERSION = YES;
				CLANG_WARN_OBJC_IMPLICIT_RETAIN_SELF = YES;
				CLANG_WARN_OBJC_LITERAL_CONVERSION = YES;
				CLANG_WARN_OBJC_ROOT_CLASS = YES_ERROR;
				CLANG_WARN_QUOTED_INCLUDE_IN_FRAMEWORK_HEADER = YES;
				CLANG_WARN_RANGE_LOOP_ANALYSIS = YES;
				CLANG_WARN_STRICT_PROTOTYPES = YES;
				CLANG_WARN_SUSPICIOUS_MOVE = YES;
				CLANG_WARN_UNGUARDED_AVAILABILITY = YES_AGGRESSIVE;
				CLANG_WARN_UNREACHABLE_CODE = YES;
				CLANG_WARN__DUPLICATE_METHOD_MATCH = YES;
				COPY_PHASE_STRIP = NO;
				DEBUG_INFORMATION_FORMAT = dwarf;
				ENABLE_STRICT_OBJC_MSGSEND = YES;
				ENABLE_TESTABILITY = YES;
				GCC_C_LANGUAGE_STANDARD = gnu11;
				GCC_DYNAMIC_NO_PIC = NO;
				GCC_NO_COMMON_BLOCKS = YES;
				GCC_OPTIMIZATION_LEVEL = 0;
				GCC_PREPROCESSOR_DEFINITIONS = (
					"DEBUG=1",
					"$(inherited)",
				);
				GCC_WARN_64_TO_32_BIT_CONVERSION = YES;
				GCC_WARN_ABOUT_RETURN_TYPE = YES_ERROR;
				GCC_WARN_UNDECLARED_SELECTOR = YES;
				GCC_WARN_UNINITIALIZED_AUTOS = YES_AGGRESSIVE;
				GCC_WARN_UNUSED_FUNCTION = YES;
				GCC_WARN_UNUSED_VARIABLE = YES;
				IPHONEOS_DEPLOYMENT_TARGET = 14.3;
				MTL_ENABLE_DEBUG_INFO = INCLUDE_SOURCE;
				MTL_FAST_MATH = YES;
				ONLY_ACTIVE_ARCH = YES;
				SDKROOT = iphoneos;
				SWIFT_ACTIVE_COMPILATION_CONDITIONS = DEBUG;
				SWIFT_OPTIMIZATION_LEVEL = "-Onone";
			};
			name = Debug;
		};
		7745E5E42657A1A3001100BA /* Release */ = {
			isa = XCBuildConfiguration;
			buildSettings = {
				ALWAYS_SEARCH_USER_PATHS = NO;
				CLANG_ANALYZER_NONNULL = YES;
				CLANG_ANALYZER_NUMBER_OBJECT_CONVERSION = YES_AGGRESSIVE;
				CLANG_CXX_LANGUAGE_STANDARD = "gnu++14";
				CLANG_CXX_LIBRARY = "libc++";
				CLANG_ENABLE_MODULES = YES;
				CLANG_ENABLE_OBJC_ARC = YES;
				CLANG_ENABLE_OBJC_WEAK = YES;
				CLANG_WARN_BLOCK_CAPTURE_AUTORELEASING = YES;
				CLANG_WARN_BOOL_CONVERSION = YES;
				CLANG_WARN_COMMA = YES;
				CLANG_WARN_CONSTANT_CONVERSION = YES;
				CLANG_WARN_DEPRECATED_OBJC_IMPLEMENTATIONS = YES;
				CLANG_WARN_DIRECT_OBJC_ISA_USAGE = YES_ERROR;
				CLANG_WARN_DOCUMENTATION_COMMENTS = YES;
				CLANG_WARN_EMPTY_BODY = YES;
				CLANG_WARN_ENUM_CONVERSION = YES;
				CLANG_WARN_INFINITE_RECURSION = YES;
				CLANG_WARN_INT_CONVERSION = YES;
				CLANG_WARN_NON_LITERAL_NULL_CONVERSION = YES;
				CLANG_WARN_OBJC_IMPLICIT_RETAIN_SELF = YES;
				CLANG_WARN_OBJC_LITERAL_CONVERSION = YES;
				CLANG_WARN_OBJC_ROOT_CLASS = YES_ERROR;
				CLANG_WARN_QUOTED_INCLUDE_IN_FRAMEWORK_HEADER = YES;
				CLANG_WARN_RANGE_LOOP_ANALYSIS = YES;
				CLANG_WARN_STRICT_PROTOTYPES = YES;
				CLANG_WARN_SUSPICIOUS_MOVE = YES;
				CLANG_WARN_UNGUARDED_AVAILABILITY = YES_AGGRESSIVE;
				CLANG_WARN_UNREACHABLE_CODE = YES;
				CLANG_WARN__DUPLICATE_METHOD_MATCH = YES;
				COPY_PHASE_STRIP = NO;
				DEBUG_INFORMATION_FORMAT = "dwarf-with-dsym";
				ENABLE_NS_ASSERTIONS = NO;
				ENABLE_STRICT_OBJC_MSGSEND = YES;
				GCC_C_LANGUAGE_STANDARD = gnu11;
				GCC_NO_COMMON_BLOCKS = YES;
				GCC_WARN_64_TO_32_BIT_CONVERSION = YES;
				GCC_WARN_ABOUT_RETURN_TYPE = YES_ERROR;
				GCC_WARN_UNDECLARED_SELECTOR = YES;
				GCC_WARN_UNINITIALIZED_AUTOS = YES_AGGRESSIVE;
				GCC_WARN_UNUSED_FUNCTION = YES;
				GCC_WARN_UNUSED_VARIABLE = YES;
				IPHONEOS_DEPLOYMENT_TARGET = 14.3;
				MTL_ENABLE_DEBUG_INFO = NO;
				MTL_FAST_MATH = YES;
				SDKROOT = iphoneos;
				SWIFT_COMPILATION_MODE = wholemodule;
				SWIFT_OPTIMIZATION_LEVEL = "-O";
				VALIDATE_PRODUCT = YES;
			};
			name = Release;
		};
		7745E5E62657A1A3001100BA /* Debug */ = {
			isa = XCBuildConfiguration;
			buildSettings = {
				ASSETCATALOG_COMPILER_APPICON_NAME = AppIcon;
				ASSETCATALOG_COMPILER_GLOBAL_ACCENT_COLOR_NAME = AccentColor;
				CODE_SIGN_STYLE = Automatic;
				INFOPLIST_FILE = VSAppCenter/Info.plist;
				LD_RUNPATH_SEARCH_PATHS = (
					"$(inherited)",
					"@executable_path/Frameworks",
				);
				PRODUCT_BUNDLE_IDENTIFIER = fi.gambitlabs.devday.VSAppCenter;
				PRODUCT_NAME = "$(TARGET_NAME)";
				SWIFT_VERSION = 5.0;
				TARGETED_DEVICE_FAMILY = "1,2";
			};
			name = Debug;
		};
		7745E5E72657A1A3001100BA /* Release */ = {
			isa = XCBuildConfiguration;
			buildSettings = {
				ASSETCATALOG_COMPILER_APPICON_NAME = AppIcon;
				ASSETCATALOG_COMPILER_GLOBAL_ACCENT_COLOR_NAME = AccentColor;
				CODE_SIGN_STYLE = Automatic;
				INFOPLIST_FILE = VSAppCenter/Info.plist;
				LD_RUNPATH_SEARCH_PATHS = (
					"$(inherited)",
					"@executable_path/Frameworks",
				);
				PRODUCT_BUNDLE_IDENTIFIER = fi.gambitlabs.devday.VSAppCenter;
				PRODUCT_NAME = "$(TARGET_NAME)";
				SWIFT_VERSION = 5.0;
				TARGETED_DEVICE_FAMILY = "1,2";
			};
			name = Release;
		};
		7745E5E92657A1A3001100BA /* Debug */ = {
			isa = XCBuildConfiguration;
			buildSettings = {
				ALWAYS_EMBED_SWIFT_STANDARD_LIBRARIES = YES;
				BUNDLE_LOADER = "$(TEST_HOST)";
				CODE_SIGN_STYLE = Automatic;
				INFOPLIST_FILE = VSAppCenterTests/Info.plist;
				IPHONEOS_DEPLOYMENT_TARGET = 14.3;
				LD_RUNPATH_SEARCH_PATHS = (
					"$(inherited)",
					"@executable_path/Frameworks",
					"@loader_path/Frameworks",
				);
				PRODUCT_BUNDLE_IDENTIFIER = fi.gambitlabs.devday.VSAppCenterTests;
				PRODUCT_NAME = "$(TARGET_NAME)";
				SWIFT_VERSION = 5.0;
				TARGETED_DEVICE_FAMILY = "1,2";
				TEST_HOST = "$(BUILT_PRODUCTS_DIR)/VSAppCenter.app/VSAppCenter";
			};
			name = Debug;
		};
		7745E5EA2657A1A3001100BA /* Release */ = {
			isa = XCBuildConfiguration;
			buildSettings = {
				ALWAYS_EMBED_SWIFT_STANDARD_LIBRARIES = YES;
				BUNDLE_LOADER = "$(TEST_HOST)";
				CODE_SIGN_STYLE = Automatic;
				INFOPLIST_FILE = VSAppCenterTests/Info.plist;
				IPHONEOS_DEPLOYMENT_TARGET = 14.3;
				LD_RUNPATH_SEARCH_PATHS = (
					"$(inherited)",
					"@executable_path/Frameworks",
					"@loader_path/Frameworks",
				);
				PRODUCT_BUNDLE_IDENTIFIER = fi.gambitlabs.devday.VSAppCenterTests;
				PRODUCT_NAME = "$(TARGET_NAME)";
				SWIFT_VERSION = 5.0;
				TARGETED_DEVICE_FAMILY = "1,2";
				TEST_HOST = "$(BUILT_PRODUCTS_DIR)/VSAppCenter.app/VSAppCenter";
			};
			name = Release;
		};
		7745E5EC2657A1A3001100BA /* Debug */ = {
			isa = XCBuildConfiguration;
			buildSettings = {
				ALWAYS_EMBED_SWIFT_STANDARD_LIBRARIES = YES;
				CODE_SIGN_STYLE = Automatic;
				INFOPLIST_FILE = VSAppCenterUITests/Info.plist;
				LD_RUNPATH_SEARCH_PATHS = (
					"$(inherited)",
					"@executable_path/Frameworks",
					"@loader_path/Frameworks",
				);
				PRODUCT_BUNDLE_IDENTIFIER = fi.gambitlabs.devday.VSAppCenterUITests;
				PRODUCT_NAME = "$(TARGET_NAME)";
				SWIFT_VERSION = 5.0;
				TARGETED_DEVICE_FAMILY = "1,2";
				TEST_TARGET_NAME = VSAppCenter;
			};
			name = Debug;
		};
		7745E5ED2657A1A3001100BA /* Release */ = {
			isa = XCBuildConfiguration;
			buildSettings = {
				ALWAYS_EMBED_SWIFT_STANDARD_LIBRARIES = YES;
				CODE_SIGN_STYLE = Automatic;
				INFOPLIST_FILE = VSAppCenterUITests/Info.plist;
				LD_RUNPATH_SEARCH_PATHS = (
					"$(inherited)",
					"@executable_path/Frameworks",
					"@loader_path/Frameworks",
				);
				PRODUCT_BUNDLE_IDENTIFIER = fi.gambitlabs.devday.VSAppCenterUITests;
				PRODUCT_NAME = "$(TARGET_NAME)";
				SWIFT_VERSION = 5.0;
				TARGETED_DEVICE_FAMILY = "1,2";
				TEST_TARGET_NAME = VSAppCenter;
			};
			name = Release;
		};
/* End XCBuildConfiguration section */

/* Begin XCConfigurationList section */
		7745E5B62657A1A0001100BA /* Build configuration list for PBXProject "VSAppCenter" */ = {
			isa = XCConfigurationList;
			buildConfigurations = (
				7745E5E32657A1A3001100BA /* Debug */,
				7745E5E42657A1A3001100BA /* Release */,
			);
			defaultConfigurationIsVisible = 0;
			defaultConfigurationName = Release;
		};
		7745E5E52657A1A3001100BA /* Build configuration list for PBXNativeTarget "VSAppCenter" */ = {
			isa = XCConfigurationList;
			buildConfigurations = (
				7745E5E62657A1A3001100BA /* Debug */,
				7745E5E72657A1A3001100BA /* Release */,
			);
			defaultConfigurationIsVisible = 0;
			defaultConfigurationName = Release;
		};
		7745E5E82657A1A3001100BA /* Build configuration list for PBXNativeTarget "VSAppCenterTests" */ = {
			isa = XCConfigurationList;
			buildConfigurations = (
				7745E5E92657A1A3001100BA /* Debug */,
				7745E5EA2657A1A3001100BA /* Release */,
			);
			defaultConfigurationIsVisible = 0;
			defaultConfigurationName = Release;
		};
		7745E5EB2657A1A3001100BA /* Build configuration list for PBXNativeTarget "VSAppCenterUITests" */ = {
			isa = XCConfigurationList;
			buildConfigurations = (
				7745E5EC2657A1A3001100BA /* Debug */,
				7745E5ED2657A1A3001100BA /* Release */,
			);
			defaultConfigurationIsVisible = 0;
			defaultConfigurationName = Release;
		};
/* End XCConfigurationList section */
	};
	rootObject = 7745E5B32657A1A0001100BA /* Project object */;
}
